// !$*UTF8*$!
{
	archiveVersion = 1;
	classes = {
	};
	objectVersion = 46;
	objects = {

/* Begin PBXBuildFile section */
		029EFCEE1A11EF4D008D0F87 /* NotepadViewController.swift in Sources */ = {isa = PBXBuildFile; fileRef = 029EFCED1A11EF4D008D0F87 /* NotepadViewController.swift */; };
		029EFCF81A12DDE1008D0F87 /* NewsfeedViewController.swift in Sources */ = {isa = PBXBuildFile; fileRef = 029EFCF71A12DDE1008D0F87 /* NewsfeedViewController.swift */; };
		029EFCFA1A12DE2D008D0F87 /* AddPostViewController.swift in Sources */ = {isa = PBXBuildFile; fileRef = 029EFCF91A12DE2D008D0F87 /* AddPostViewController.swift */; };
		740160DE1A146D1C0028092D /* RegistrationViewController.swift in Sources */ = {isa = PBXBuildFile; fileRef = 740160DD1A146D1C0028092D /* RegistrationViewController.swift */; };
		740160E11A146D780028092D /* Bolts.framework in Frameworks */ = {isa = PBXBuildFile; fileRef = 740160DF1A146D780028092D /* Bolts.framework */; };
		740160E21A146D780028092D /* Parse.framework in Frameworks */ = {isa = PBXBuildFile; fileRef = 740160E01A146D780028092D /* Parse.framework */; };
		740160EB1A146DE90028092D /* AudioToolbox.framework in Frameworks */ = {isa = PBXBuildFile; fileRef = 740160E31A146DE90028092D /* AudioToolbox.framework */; };
		740160EC1A146DE90028092D /* CFNetwork.framework in Frameworks */ = {isa = PBXBuildFile; fileRef = 740160E41A146DE90028092D /* CFNetwork.framework */; };
		740160ED1A146DE90028092D /* CoreGraphics.framework in Frameworks */ = {isa = PBXBuildFile; fileRef = 740160E51A146DE90028092D /* CoreGraphics.framework */; };
		740160EE1A146DE90028092D /* CoreLocation.framework in Frameworks */ = {isa = PBXBuildFile; fileRef = 740160E61A146DE90028092D /* CoreLocation.framework */; };
		740160EF1A146DE90028092D /* libz.dylib in Frameworks */ = {isa = PBXBuildFile; fileRef = 740160E71A146DE90028092D /* libz.dylib */; };
		740160F01A146DE90028092D /* MobileCoreServices.framework in Frameworks */ = {isa = PBXBuildFile; fileRef = 740160E81A146DE90028092D /* MobileCoreServices.framework */; };
		740160F11A146DE90028092D /* QuartzCore.framework in Frameworks */ = {isa = PBXBuildFile; fileRef = 740160E91A146DE90028092D /* QuartzCore.framework */; };
		740160F21A146DE90028092D /* Security.framework in Frameworks */ = {isa = PBXBuildFile; fileRef = 740160EA1A146DE90028092D /* Security.framework */; };
		740160F51A146DFB0028092D /* StoreKit.framework in Frameworks */ = {isa = PBXBuildFile; fileRef = 740160F31A146DFB0028092D /* StoreKit.framework */; };
		740160F61A146DFB0028092D /* SystemConfiguration.framework in Frameworks */ = {isa = PBXBuildFile; fileRef = 740160F41A146DFB0028092D /* SystemConfiguration.framework */; };
		740160FB1A146FF60028092D /* DoctorLoginViewController.swift in Sources */ = {isa = PBXBuildFile; fileRef = 740160FA1A146FF60028092D /* DoctorLoginViewController.swift */; };
		74C5F6061A0AD5F400247456 /* AppDelegate.swift in Sources */ = {isa = PBXBuildFile; fileRef = 74C5F6051A0AD5F400247456 /* AppDelegate.swift */; };
		74C5F6081A0AD5F400247456 /* ViewController.swift in Sources */ = {isa = PBXBuildFile; fileRef = 74C5F6071A0AD5F400247456 /* ViewController.swift */; };
		74C5F60B1A0AD5F400247456 /* Main.storyboard in Resources */ = {isa = PBXBuildFile; fileRef = 74C5F6091A0AD5F400247456 /* Main.storyboard */; };
		74C5F60D1A0AD5F400247456 /* Images.xcassets in Resources */ = {isa = PBXBuildFile; fileRef = 74C5F60C1A0AD5F400247456 /* Images.xcassets */; };
		74C5F6101A0AD5F400247456 /* LaunchScreen.xib in Resources */ = {isa = PBXBuildFile; fileRef = 74C5F60E1A0AD5F400247456 /* LaunchScreen.xib */; };
		74C5F61C1A0AD5F400247456 /* MedLightTests.swift in Sources */ = {isa = PBXBuildFile; fileRef = 74C5F61B1A0AD5F400247456 /* MedLightTests.swift */; };
		ED7C80B11A15769F002B2874 /* 315px-Blank_woman_placeholder.png in Resources */ = {isa = PBXBuildFile; fileRef = ED7C80B01A15769F002B2874 /* 315px-Blank_woman_placeholder.png */; };
		ED7C80B31A1584A1002B2874 /* PatientListTableViewController.swift in Sources */ = {isa = PBXBuildFile; fileRef = ED7C80B21A1584A1002B2874 /* PatientListTableViewController.swift */; };
		EDEEDAF01A15419B00032661 /* postViewController.swift in Sources */ = {isa = PBXBuildFile; fileRef = EDEEDAEF1A15419B00032661 /* postViewController.swift */; };
/* End PBXBuildFile section */

/* Begin PBXContainerItemProxy section */
		74C5F6161A0AD5F400247456 /* PBXContainerItemProxy */ = {
			isa = PBXContainerItemProxy;
			containerPortal = 74C5F5F81A0AD5F400247456 /* Project object */;
			proxyType = 1;
			remoteGlobalIDString = 74C5F5FF1A0AD5F400247456;
			remoteInfo = MedLight;
		};
/* End PBXContainerItemProxy section */

/* Begin PBXFileReference section */
		029EFCED1A11EF4D008D0F87 /* NotepadViewController.swift */ = {isa = PBXFileReference; fileEncoding = 4; lastKnownFileType = sourcecode.swift; path = NotepadViewController.swift; sourceTree = "<group>"; };
		029EFCF71A12DDE1008D0F87 /* NewsfeedViewController.swift */ = {isa = PBXFileReference; fileEncoding = 4; lastKnownFileType = sourcecode.swift; path = NewsfeedViewController.swift; sourceTree = "<group>"; };
		029EFCF91A12DE2D008D0F87 /* AddPostViewController.swift */ = {isa = PBXFileReference; fileEncoding = 4; lastKnownFileType = sourcecode.swift; path = AddPostViewController.swift; sourceTree = "<group>"; };
		740160DD1A146D1C0028092D /* RegistrationViewController.swift */ = {isa = PBXFileReference; fileEncoding = 4; lastKnownFileType = sourcecode.swift; path = RegistrationViewController.swift; sourceTree = "<group>"; };
		740160DF1A146D780028092D /* Bolts.framework */ = {isa = PBXFileReference; lastKnownFileType = wrapper.framework; path = Bolts.framework; sourceTree = "<group>"; };
		740160E01A146D780028092D /* Parse.framework */ = {isa = PBXFileReference; lastKnownFileType = wrapper.framework; path = Parse.framework; sourceTree = "<group>"; };
		740160E31A146DE90028092D /* AudioToolbox.framework */ = {isa = PBXFileReference; lastKnownFileType = wrapper.framework; name = AudioToolbox.framework; path = System/Library/Frameworks/AudioToolbox.framework; sourceTree = SDKROOT; };
		740160E41A146DE90028092D /* CFNetwork.framework */ = {isa = PBXFileReference; lastKnownFileType = wrapper.framework; name = CFNetwork.framework; path = System/Library/Frameworks/CFNetwork.framework; sourceTree = SDKROOT; };
		740160E51A146DE90028092D /* CoreGraphics.framework */ = {isa = PBXFileReference; lastKnownFileType = wrapper.framework; name = CoreGraphics.framework; path = System/Library/Frameworks/CoreGraphics.framework; sourceTree = SDKROOT; };
		740160E61A146DE90028092D /* CoreLocation.framework */ = {isa = PBXFileReference; lastKnownFileType = wrapper.framework; name = CoreLocation.framework; path = System/Library/Frameworks/CoreLocation.framework; sourceTree = SDKROOT; };
		740160E71A146DE90028092D /* libz.dylib */ = {isa = PBXFileReference; lastKnownFileType = "compiled.mach-o.dylib"; name = libz.dylib; path = usr/lib/libz.dylib; sourceTree = SDKROOT; };
		740160E81A146DE90028092D /* MobileCoreServices.framework */ = {isa = PBXFileReference; lastKnownFileType = wrapper.framework; name = MobileCoreServices.framework; path = System/Library/Frameworks/MobileCoreServices.framework; sourceTree = SDKROOT; };
		740160E91A146DE90028092D /* QuartzCore.framework */ = {isa = PBXFileReference; lastKnownFileType = wrapper.framework; name = QuartzCore.framework; path = System/Library/Frameworks/QuartzCore.framework; sourceTree = SDKROOT; };
		740160EA1A146DE90028092D /* Security.framework */ = {isa = PBXFileReference; lastKnownFileType = wrapper.framework; name = Security.framework; path = System/Library/Frameworks/Security.framework; sourceTree = SDKROOT; };
		740160F31A146DFB0028092D /* StoreKit.framework */ = {isa = PBXFileReference; lastKnownFileType = wrapper.framework; name = StoreKit.framework; path = System/Library/Frameworks/StoreKit.framework; sourceTree = SDKROOT; };
		740160F41A146DFB0028092D /* SystemConfiguration.framework */ = {isa = PBXFileReference; lastKnownFileType = wrapper.framework; name = SystemConfiguration.framework; path = System/Library/Frameworks/SystemConfiguration.framework; sourceTree = SDKROOT; };
		740160F71A146E300028092D /* MedLight-Bridging-Header.h */ = {isa = PBXFileReference; lastKnownFileType = sourcecode.c.h; path = "MedLight-Bridging-Header.h"; sourceTree = "<group>"; };
		740160FA1A146FF60028092D /* DoctorLoginViewController.swift */ = {isa = PBXFileReference; fileEncoding = 4; lastKnownFileType = sourcecode.swift; path = DoctorLoginViewController.swift; sourceTree = "<group>"; };
		74C5F6001A0AD5F400247456 /* MedLight.app */ = {isa = PBXFileReference; explicitFileType = wrapper.application; includeInIndex = 0; path = MedLight.app; sourceTree = BUILT_PRODUCTS_DIR; };
		74C5F6041A0AD5F400247456 /* Info.plist */ = {isa = PBXFileReference; lastKnownFileType = text.plist.xml; path = Info.plist; sourceTree = "<group>"; };
		74C5F6051A0AD5F400247456 /* AppDelegate.swift */ = {isa = PBXFileReference; lastKnownFileType = sourcecode.swift; path = AppDelegate.swift; sourceTree = "<group>"; };
		74C5F6071A0AD5F400247456 /* ViewController.swift */ = {isa = PBXFileReference; lastKnownFileType = sourcecode.swift; path = ViewController.swift; sourceTree = "<group>"; };
		74C5F60A1A0AD5F400247456 /* Base */ = {isa = PBXFileReference; lastKnownFileType = file.storyboard; name = Base; path = Base.lproj/Main.storyboard; sourceTree = "<group>"; };
		74C5F60C1A0AD5F400247456 /* Images.xcassets */ = {isa = PBXFileReference; lastKnownFileType = folder.assetcatalog; path = Images.xcassets; sourceTree = "<group>"; };
		74C5F60F1A0AD5F400247456 /* Base */ = {isa = PBXFileReference; lastKnownFileType = file.xib; name = Base; path = Base.lproj/LaunchScreen.xib; sourceTree = "<group>"; };
		74C5F6151A0AD5F400247456 /* MedLightTests.xctest */ = {isa = PBXFileReference; explicitFileType = wrapper.cfbundle; includeInIndex = 0; path = MedLightTests.xctest; sourceTree = BUILT_PRODUCTS_DIR; };
		74C5F61A1A0AD5F400247456 /* Info.plist */ = {isa = PBXFileReference; lastKnownFileType = text.plist.xml; path = Info.plist; sourceTree = "<group>"; };
		74C5F61B1A0AD5F400247456 /* MedLightTests.swift */ = {isa = PBXFileReference; lastKnownFileType = sourcecode.swift; path = MedLightTests.swift; sourceTree = "<group>"; };
		ED7C80B01A15769F002B2874 /* 315px-Blank_woman_placeholder.png */ = {isa = PBXFileReference; lastKnownFileType = image.png; path = "315px-Blank_woman_placeholder.png"; sourceTree = "<group>"; };
		ED7C80B21A1584A1002B2874 /* PatientListTableViewController.swift */ = {isa = PBXFileReference; fileEncoding = 4; lastKnownFileType = sourcecode.swift; path = PatientListTableViewController.swift; sourceTree = "<group>"; };
		EDEEDAEF1A15419B00032661 /* postViewController.swift */ = {isa = PBXFileReference; fileEncoding = 4; lastKnownFileType = sourcecode.swift; path = postViewController.swift; sourceTree = "<group>"; };
/* End PBXFileReference section */

/* Begin PBXFrameworksBuildPhase section */
		74C5F5FD1A0AD5F400247456 /* Frameworks */ = {
			isa = PBXFrameworksBuildPhase;
			buildActionMask = 2147483647;
			files = (
				740160F51A146DFB0028092D /* StoreKit.framework in Frameworks */,
				740160F61A146DFB0028092D /* SystemConfiguration.framework in Frameworks */,
				740160EB1A146DE90028092D /* AudioToolbox.framework in Frameworks */,
				740160EC1A146DE90028092D /* CFNetwork.framework in Frameworks */,
				740160ED1A146DE90028092D /* CoreGraphics.framework in Frameworks */,
				740160EE1A146DE90028092D /* CoreLocation.framework in Frameworks */,
				740160EF1A146DE90028092D /* libz.dylib in Frameworks */,
				740160F01A146DE90028092D /* MobileCoreServices.framework in Frameworks */,
				740160F11A146DE90028092D /* QuartzCore.framework in Frameworks */,
				740160F21A146DE90028092D /* Security.framework in Frameworks */,
				740160E21A146D780028092D /* Parse.framework in Frameworks */,
				740160E11A146D780028092D /* Bolts.framework in Frameworks */,
			);
			runOnlyForDeploymentPostprocessing = 0;
		};
		74C5F6121A0AD5F400247456 /* Frameworks */ = {
			isa = PBXFrameworksBuildPhase;
			buildActionMask = 2147483647;
			files = (
			);
			runOnlyForDeploymentPostprocessing = 0;
		};
/* End PBXFrameworksBuildPhase section */

/* Begin PBXGroup section */
		74C5F5F71A0AD5F400247456 = {
			isa = PBXGroup;
			children = (
				740160F31A146DFB0028092D /* StoreKit.framework */,
				740160F41A146DFB0028092D /* SystemConfiguration.framework */,
				740160E31A146DE90028092D /* AudioToolbox.framework */,
				740160E41A146DE90028092D /* CFNetwork.framework */,
				740160E51A146DE90028092D /* CoreGraphics.framework */,
				740160E61A146DE90028092D /* CoreLocation.framework */,
				740160E71A146DE90028092D /* libz.dylib */,
				740160E81A146DE90028092D /* MobileCoreServices.framework */,
				740160E91A146DE90028092D /* QuartzCore.framework */,
				740160EA1A146DE90028092D /* Security.framework */,
				74C5F6021A0AD5F400247456 /* MedLight */,
				74C5F6181A0AD5F400247456 /* MedLightTests */,
				74C5F6011A0AD5F400247456 /* Products */,
				740160F71A146E300028092D /* MedLight-Bridging-Header.h */,
			);
			sourceTree = "<group>";
		};
		74C5F6011A0AD5F400247456 /* Products */ = {
			isa = PBXGroup;
			children = (
				74C5F6001A0AD5F400247456 /* MedLight.app */,
				74C5F6151A0AD5F400247456 /* MedLightTests.xctest */,
			);
			name = Products;
			sourceTree = "<group>";
		};
		74C5F6021A0AD5F400247456 /* MedLight */ = {
			isa = PBXGroup;
			children = (
				740160DF1A146D780028092D /* Bolts.framework */,
				740160E01A146D780028092D /* Parse.framework */,
				029EFCF91A12DE2D008D0F87 /* AddPostViewController.swift */,
				029EFCF71A12DDE1008D0F87 /* NewsfeedViewController.swift */,
				74C5F6051A0AD5F400247456 /* AppDelegate.swift */,
				74C5F6071A0AD5F400247456 /* ViewController.swift */,
				ED7C80B01A15769F002B2874 /* 315px-Blank_woman_placeholder.png */,
				EDEEDAEF1A15419B00032661 /* postViewController.swift */,
				029EFCED1A11EF4D008D0F87 /* NotepadViewController.swift */,
				74C5F6091A0AD5F400247456 /* Main.storyboard */,
				ED7C80B21A1584A1002B2874 /* PatientListTableViewController.swift */,
				740160FA1A146FF60028092D /* DoctorLoginViewController.swift */,
				740160DD1A146D1C0028092D /* RegistrationViewController.swift */,
				74C5F60C1A0AD5F400247456 /* Images.xcassets */,
				74C5F60E1A0AD5F400247456 /* LaunchScreen.xib */,
				74C5F6031A0AD5F400247456 /* Supporting Files */,
			);
			path = MedLight;
			sourceTree = "<group>";
		};
		74C5F6031A0AD5F400247456 /* Supporting Files */ = {
			isa = PBXGroup;
			children = (
				74C5F6041A0AD5F400247456 /* Info.plist */,
			);
			name = "Supporting Files";
			sourceTree = "<group>";
		};
		74C5F6181A0AD5F400247456 /* MedLightTests */ = {
			isa = PBXGroup;
			children = (
				74C5F61B1A0AD5F400247456 /* MedLightTests.swift */,
				74C5F6191A0AD5F400247456 /* Supporting Files */,
			);
			path = MedLightTests;
			sourceTree = "<group>";
		};
		74C5F6191A0AD5F400247456 /* Supporting Files */ = {
			isa = PBXGroup;
			children = (
				74C5F61A1A0AD5F400247456 /* Info.plist */,
			);
			name = "Supporting Files";
			sourceTree = "<group>";
		};
/* End PBXGroup section */

/* Begin PBXNativeTarget section */
		74C5F5FF1A0AD5F400247456 /* MedLight */ = {
			isa = PBXNativeTarget;
			buildConfigurationList = 74C5F61F1A0AD5F400247456 /* Build configuration list for PBXNativeTarget "MedLight" */;
			buildPhases = (
				74C5F5FC1A0AD5F400247456 /* Sources */,
				74C5F5FD1A0AD5F400247456 /* Frameworks */,
				74C5F5FE1A0AD5F400247456 /* Resources */,
			);
			buildRules = (
			);
			dependencies = (
			);
			name = MedLight;
			productName = MedLight;
			productReference = 74C5F6001A0AD5F400247456 /* MedLight.app */;
			productType = "com.apple.product-type.application";
		};
		74C5F6141A0AD5F400247456 /* MedLightTests */ = {
			isa = PBXNativeTarget;
			buildConfigurationList = 74C5F6221A0AD5F400247456 /* Build configuration list for PBXNativeTarget "MedLightTests" */;
			buildPhases = (
				74C5F6111A0AD5F400247456 /* Sources */,
				74C5F6121A0AD5F400247456 /* Frameworks */,
				74C5F6131A0AD5F400247456 /* Resources */,
			);
			buildRules = (
			);
			dependencies = (
				74C5F6171A0AD5F400247456 /* PBXTargetDependency */,
			);
			name = MedLightTests;
			productName = MedLightTests;
			productReference = 74C5F6151A0AD5F400247456 /* MedLightTests.xctest */;
			productType = "com.apple.product-type.bundle.unit-test";
		};
/* End PBXNativeTarget section */

/* Begin PBXProject section */
		74C5F5F81A0AD5F400247456 /* Project object */ = {
			isa = PBXProject;
			attributes = {
				LastUpgradeCheck = 0610;
				ORGANIZATIONNAME = TeamOne;
				TargetAttributes = {
					74C5F5FF1A0AD5F400247456 = {
						CreatedOnToolsVersion = 6.1;
						DevelopmentTeam = 4NZP92642L;
					};
					74C5F6141A0AD5F400247456 = {
						CreatedOnToolsVersion = 6.1;
						TestTargetID = 74C5F5FF1A0AD5F400247456;
					};
				};
			};
			buildConfigurationList = 74C5F5FB1A0AD5F400247456 /* Build configuration list for PBXProject "MedLight" */;
			compatibilityVersion = "Xcode 3.2";
			developmentRegion = English;
			hasScannedForEncodings = 0;
			knownRegions = (
				en,
				Base,
			);
			mainGroup = 74C5F5F71A0AD5F400247456;
			productRefGroup = 74C5F6011A0AD5F400247456 /* Products */;
			projectDirPath = "";
			projectRoot = "";
			targets = (
				74C5F5FF1A0AD5F400247456 /* MedLight */,
				74C5F6141A0AD5F400247456 /* MedLightTests */,
			);
		};
/* End PBXProject section */

/* Begin PBXResourcesBuildPhase section */
		74C5F5FE1A0AD5F400247456 /* Resources */ = {
			isa = PBXResourcesBuildPhase;
			buildActionMask = 2147483647;
			files = (
				74C5F60B1A0AD5F400247456 /* Main.storyboard in Resources */,
				74C5F6101A0AD5F400247456 /* LaunchScreen.xib in Resources */,
				74C5F60D1A0AD5F400247456 /* Images.xcassets in Resources */,
				ED7C80B11A15769F002B2874 /* 315px-Blank_woman_placeholder.png in Resources */,
			);
			runOnlyForDeploymentPostprocessing = 0;
		};
		74C5F6131A0AD5F400247456 /* Resources */ = {
			isa = PBXResourcesBuildPhase;
			buildActionMask = 2147483647;
			files = (
			);
			runOnlyForDeploymentPostprocessing = 0;
		};
/* End PBXResourcesBuildPhase section */

/* Begin PBXSourcesBuildPhase section */
		74C5F5FC1A0AD5F400247456 /* Sources */ = {
			isa = PBXSourcesBuildPhase;
			buildActionMask = 2147483647;
			files = (
				EDEEDAF01A15419B00032661 /* postViewController.swift in Sources */,
				740160FB1A146FF60028092D /* DoctorLoginViewController.swift in Sources */,
				740160DE1A146D1C0028092D /* RegistrationViewController.swift in Sources */,
				ED7C80B31A1584A1002B2874 /* PatientListTableViewController.swift in Sources */,
				029EFCEE1A11EF4D008D0F87 /* NotepadViewController.swift in Sources */,
				029EFCFA1A12DE2D008D0F87 /* AddPostViewController.swift in Sources */,
				74C5F6081A0AD5F400247456 /* ViewController.swift in Sources */,
				74C5F6061A0AD5F400247456 /* AppDelegate.swift in Sources */,
				029EFCF81A12DDE1008D0F87 /* NewsfeedViewController.swift in Sources */,
			);
			runOnlyForDeploymentPostprocessing = 0;
		};
		74C5F6111A0AD5F400247456 /* Sources */ = {
			isa = PBXSourcesBuildPhase;
			buildActionMask = 2147483647;
			files = (
				74C5F61C1A0AD5F400247456 /* MedLightTests.swift in Sources */,
			);
			runOnlyForDeploymentPostprocessing = 0;
		};
/* End PBXSourcesBuildPhase section */

/* Begin PBXTargetDependency section */
		74C5F6171A0AD5F400247456 /* PBXTargetDependency */ = {
			isa = PBXTargetDependency;
			target = 74C5F5FF1A0AD5F400247456 /* MedLight */;
			targetProxy = 74C5F6161A0AD5F400247456 /* PBXContainerItemProxy */;
		};
/* End PBXTargetDependency section */

/* Begin PBXVariantGroup section */
		74C5F6091A0AD5F400247456 /* Main.storyboard */ = {
			isa = PBXVariantGroup;
			children = (
				74C5F60A1A0AD5F400247456 /* Base */,
			);
			name = Main.storyboard;
			sourceTree = "<group>";
		};
		74C5F60E1A0AD5F400247456 /* LaunchScreen.xib */ = {
			isa = PBXVariantGroup;
			children = (
				74C5F60F1A0AD5F400247456 /* Base */,
			);
			name = LaunchScreen.xib;
			sourceTree = "<group>";
		};
/* End PBXVariantGroup section */

/* Begin XCBuildConfiguration section */
		74C5F61D1A0AD5F400247456 /* Debug */ = {
			isa = XCBuildConfiguration;
			buildSettings = {
				ALWAYS_SEARCH_USER_PATHS = NO;
				CLANG_CXX_LANGUAGE_STANDARD = "gnu++0x";
				CLANG_CXX_LIBRARY = "libc++";
				CLANG_ENABLE_MODULES = YES;
				CLANG_ENABLE_OBJC_ARC = YES;
				CLANG_WARN_BOOL_CONVERSION = YES;
				CLANG_WARN_CONSTANT_CONVERSION = YES;
				CLANG_WARN_DIRECT_OBJC_ISA_USAGE = YES_ERROR;
				CLANG_WARN_EMPTY_BODY = YES;
				CLANG_WARN_ENUM_CONVERSION = YES;
				CLANG_WARN_INT_CONVERSION = YES;
				CLANG_WARN_OBJC_ROOT_CLASS = YES_ERROR;
				CLANG_WARN_UNREACHABLE_CODE = YES;
				CLANG_WARN__DUPLICATE_METHOD_MATCH = YES;
				"CODE_SIGN_IDENTITY[sdk=iphoneos*]" = "iPhone Developer";
				COPY_PHASE_STRIP = NO;
				ENABLE_STRICT_OBJC_MSGSEND = YES;
				GCC_C_LANGUAGE_STANDARD = gnu99;
				GCC_DYNAMIC_NO_PIC = NO;
				GCC_OPTIMIZATION_LEVEL = 0;
				GCC_PREPROCESSOR_DEFINITIONS = (
					"DEBUG=1",
					"$(inherited)",
				);
				GCC_SYMBOLS_PRIVATE_EXTERN = NO;
				GCC_WARN_64_TO_32_BIT_CONVERSION = YES;
				GCC_WARN_ABOUT_RETURN_TYPE = YES_ERROR;
				GCC_WARN_UNDECLARED_SELECTOR = YES;
				GCC_WARN_UNINITIALIZED_AUTOS = YES_AGGRESSIVE;
				GCC_WARN_UNUSED_FUNCTION = YES;
				GCC_WARN_UNUSED_VARIABLE = YES;
				IPHONEOS_DEPLOYMENT_TARGET = 8.1;
				MTL_ENABLE_DEBUG_INFO = YES;
				ONLY_ACTIVE_ARCH = YES;
				SDKROOT = iphoneos;
				SWIFT_OPTIMIZATION_LEVEL = "-Onone";
			};
			name = Debug;
		};
		74C5F61E1A0AD5F400247456 /* Release */ = {
			isa = XCBuildConfiguration;
			buildSettings = {
				ALWAYS_SEARCH_USER_PATHS = NO;
				CLANG_CXX_LANGUAGE_STANDARD = "gnu++0x";
				CLANG_CXX_LIBRARY = "libc++";
				CLANG_ENABLE_MODULES = YES;
				CLANG_ENABLE_OBJC_ARC = YES;
				CLANG_WARN_BOOL_CONVERSION = YES;
				CLANG_WARN_CONSTANT_CONVERSION = YES;
				CLANG_WARN_DIRECT_OBJC_ISA_USAGE = YES_ERROR;
				CLANG_WARN_EMPTY_BODY = YES;
				CLANG_WARN_ENUM_CONVERSION = YES;
				CLANG_WARN_INT_CONVERSION = YES;
				CLANG_WARN_OBJC_ROOT_CLASS = YES_ERROR;
				CLANG_WARN_UNREACHABLE_CODE = YES;
				CLANG_WARN__DUPLICATE_METHOD_MATCH = YES;
				"CODE_SIGN_IDENTITY[sdk=iphoneos*]" = "iPhone Developer";
				COPY_PHASE_STRIP = YES;
				ENABLE_NS_ASSERTIONS = NO;
				ENABLE_STRICT_OBJC_MSGSEND = YES;
				GCC_C_LANGUAGE_STANDARD = gnu99;
				GCC_WARN_64_TO_32_BIT_CONVERSION = YES;
				GCC_WARN_ABOUT_RETURN_TYPE = YES_ERROR;
				GCC_WARN_UNDECLARED_SELECTOR = YES;
				GCC_WARN_UNINITIALIZED_AUTOS = YES_AGGRESSIVE;
				GCC_WARN_UNUSED_FUNCTION = YES;
				GCC_WARN_UNUSED_VARIABLE = YES;
				IPHONEOS_DEPLOYMENT_TARGET = 8.1;
				MTL_ENABLE_DEBUG_INFO = NO;
				SDKROOT = iphoneos;
				VALIDATE_PRODUCT = YES;
			};
			name = Release;
		};
		74C5F6201A0AD5F400247456 /* Debug */ = {
			isa = XCBuildConfiguration;
			buildSettings = {
				ASSETCATALOG_COMPILER_APPICON_NAME = AppIcon;
				CLANG_ENABLE_MODULES = YES;
				FRAMEWORK_SEARCH_PATHS = (
					"$(inherited)",
					"$(PROJECT_DIR)/MedLight",
				);
				INFOPLIST_FILE = MedLight/Info.plist;
				LD_RUNPATH_SEARCH_PATHS = "$(inherited) @executable_path/Frameworks";
				PRODUCT_NAME = "$(TARGET_NAME)";
				SWIFT_OBJC_BRIDGING_HEADER = "MedLight-Bridging-Header.h";
				SWIFT_OPTIMIZATION_LEVEL = "-Onone";
			};
			name = Debug;
		};
		74C5F6211A0AD5F400247456 /* Release */ = {
			isa = XCBuildConfiguration;
			buildSettings = {
				ASSETCATALOG_COMPILER_APPICON_NAME = AppIcon;
				CLANG_ENABLE_MODULES = YES;
				FRAMEWORK_SEARCH_PATHS = (
					"$(inherited)",
					"$(PROJECT_DIR)/MedLight",
				);
				INFOPLIST_FILE = MedLight/Info.plist;
				LD_RUNPATH_SEARCH_PATHS = "$(inherited) @executable_path/Frameworks";
				PRODUCT_NAME = "$(TARGET_NAME)";
				SWIFT_OBJC_BRIDGING_HEADER = "MedLight-Bridging-Header.h";
			};
			name = Release;
		};
		74C5F6231A0AD5F400247456 /* Debug */ = {
			isa = XCBuildConfiguration;
			buildSettings = {
				BUNDLE_LOADER = "$(TEST_HOST)";
				FRAMEWORK_SEARCH_PATHS = (
					"$(SDKROOT)/Developer/Library/Frameworks",
					"$(inherited)",
				);
				GCC_PREPROCESSOR_DEFINITIONS = (
					"DEBUG=1",
					"$(inherited)",
				);
				INFOPLIST_FILE = MedLightTests/Info.plist;
				LD_RUNPATH_SEARCH_PATHS = "$(inherited) @executable_path/Frameworks @loader_path/Frameworks";
				PRODUCT_NAME = "$(TARGET_NAME)";
				TEST_HOST = "$(BUILT_PRODUCTS_DIR)/MedLight.app/MedLight";
			};
			name = Debug;
		};
		74C5F6241A0AD5F400247456 /* Release */ = {
			isa = XCBuildConfiguration;
			buildSettings = {
				BUNDLE_LOADER = "$(TEST_HOST)";
				FRAMEWORK_SEARCH_PATHS = (
					"$(SDKROOT)/Developer/Library/Frameworks",
					"$(inherited)",
				);
				INFOPLIST_FILE = MedLightTests/Info.plist;
				LD_RUNPATH_SEARCH_PATHS = "$(inherited) @executable_path/Frameworks @loader_path/Frameworks";
				PRODUCT_NAME = "$(TARGET_NAME)";
				TEST_HOST = "$(BUILT_PRODUCTS_DIR)/MedLight.app/MedLight";
			};
			name = Release;
		};
/* End XCBuildConfiguration section */

/* Begin XCConfigurationList section */
		74C5F5FB1A0AD5F400247456 /* Build configuration list for PBXProject "MedLight" */ = {
			isa = XCConfigurationList;
			buildConfigurations = (
				74C5F61D1A0AD5F400247456 /* Debug */,
				74C5F61E1A0AD5F400247456 /* Release */,
			);
			defaultConfigurationIsVisible = 0;
			defaultConfigurationName = Release;
		};
		74C5F61F1A0AD5F400247456 /* Build configuration list for PBXNativeTarget "MedLight" */ = {
			isa = XCConfigurationList;
			buildConfigurations = (
				74C5F6201A0AD5F400247456 /* Debug */,
				74C5F6211A0AD5F400247456 /* Release */,
			);
			defaultConfigurationIsVisible = 0;
			defaultConfigurationName = Release;
		};
		74C5F6221A0AD5F400247456 /* Build configuration list for PBXNativeTarget "MedLightTests" */ = {
			isa = XCConfigurationList;
			buildConfigurations = (
				74C5F6231A0AD5F400247456 /* Debug */,
				74C5F6241A0AD5F400247456 /* Release */,
			);
			defaultConfigurationIsVisible = 0;
			defaultConfigurationName = Release;
		};
/* End XCConfigurationList section */
	};
	rootObject = 74C5F5F81A0AD5F400247456 /* Project object */;
}
